
Microsoft Visual Studio Solution File, Format Version 12.00
# Visual Studio Version 17
VisualStudioVersion = 17.6.33723.286
MinimumVisualStudioVersion = 10.0.40219.1
Project("{FAE04EC0-301F-11D3-BF4B-00C04F79EFBC}") = "WebApplication_Enity_Framework_10_08_2023", "WebApplication_Enity_Framework_10_08_2023.csproj", "{C9C3F78D-B12C-4222-8328-6A3633A936CD}"
EndProject
Global
	GlobalSection(SolutionConfigurationPlatforms) = preSolution
		Debug|Any CPU = Debug|Any CPU
		Release|Any CPU = Release|Any CPU
	EndGlobalSection
	GlobalSection(ProjectConfigurationPlatforms) = postSolution
		{C9C3F78D-B12C-4222-8328-6A3633A936CD}.Debug|Any CPU.ActiveCfg = Debug|Any CPU
		{C9C3F78D-B12C-4222-8328-6A3633A936CD}.Debug|Any CPU.Build.0 = Debug|Any CPU
		{C9C3F78D-B12C-4222-8328-6A3633A936CD}.Release|Any CPU.ActiveCfg = Release|Any CPU
		{C9C3F78D-B12C-4222-8328-6A3633A936CD}.Release|Any CPU.Build.0 = Release|Any CPU
	EndGlobalSection
	GlobalSection(SolutionProperties) = preSolution
		HideSolutionNode = FALSE
	EndGlobalSection
	GlobalSection(ExtensibilityGlobals) = postSolution
		SolutionGuid = {0AC4EBA3-473B-47BF-A880-59A27D108FC8}
	EndGlobalSection
EndGlobal
