
Microsoft Visual Studio Solution File, Format Version 12.00
# Visual Studio Version 17
VisualStudioVersion = 17.6.33723.286
MinimumVisualStudioVersion = 10.0.40219.1
Project("{FAE04EC0-301F-11D3-BF4B-00C04F79EFBC}") = "EmployeeApplication.Model", "EmployeeApplication.Model.csproj", "{6E9A4A4C-BBBF-4FE8-A72B-9298D8664FB2}"
EndProject
Project("{FAE04EC0-301F-11D3-BF4B-00C04F79EFBC}") = "EmployeeApplication.Repository", "..\EmployeeApplication.Repository\EmployeeApplication.Repository.csproj", "{923078DD-9827-43E9-870C-A555F5E00301}"
EndProject
Project("{FAE04EC0-301F-11D3-BF4B-00C04F79EFBC}") = "EmployeeApplication2", "..\EmployeeApplication2\EmployeeApplication2.csproj", "{977A64F3-E3A8-4BDE-BAEE-E097A346417B}"
EndProject
Global
	GlobalSection(SolutionConfigurationPlatforms) = preSolution
		Debug|Any CPU = Debug|Any CPU
		Release|Any CPU = Release|Any CPU
	EndGlobalSection
	GlobalSection(ProjectConfigurationPlatforms) = postSolution
		{6E9A4A4C-BBBF-4FE8-A72B-9298D8664FB2}.Debug|Any CPU.ActiveCfg = Debug|Any CPU
		{6E9A4A4C-BBBF-4FE8-A72B-9298D8664FB2}.Debug|Any CPU.Build.0 = Debug|Any CPU
		{6E9A4A4C-BBBF-4FE8-A72B-9298D8664FB2}.Release|Any CPU.ActiveCfg = Release|Any CPU
		{6E9A4A4C-BBBF-4FE8-A72B-9298D8664FB2}.Release|Any CPU.Build.0 = Release|Any CPU
		{923078DD-9827-43E9-870C-A555F5E00301}.Debug|Any CPU.ActiveCfg = Debug|Any CPU
		{923078DD-9827-43E9-870C-A555F5E00301}.Debug|Any CPU.Build.0 = Debug|Any CPU
		{923078DD-9827-43E9-870C-A555F5E00301}.Release|Any CPU.ActiveCfg = Release|Any CPU
		{923078DD-9827-43E9-870C-A555F5E00301}.Release|Any CPU.Build.0 = Release|Any CPU
		{977A64F3-E3A8-4BDE-BAEE-E097A346417B}.Debug|Any CPU.ActiveCfg = Debug|Any CPU
		{977A64F3-E3A8-4BDE-BAEE-E097A346417B}.Debug|Any CPU.Build.0 = Debug|Any CPU
		{977A64F3-E3A8-4BDE-BAEE-E097A346417B}.Release|Any CPU.ActiveCfg = Release|Any CPU
		{977A64F3-E3A8-4BDE-BAEE-E097A346417B}.Release|Any CPU.Build.0 = Release|Any CPU
	EndGlobalSection
	GlobalSection(SolutionProperties) = preSolution
		HideSolutionNode = FALSE
	EndGlobalSection
	GlobalSection(ExtensibilityGlobals) = postSolution
		SolutionGuid = {3729E8E1-B4B7-44E8-8090-50D25B93983D}
	EndGlobalSection
EndGlobal
